// !$*UTF8*$!
{
	archiveVersion = 1;
	classes = {
	};
	objectVersion = 56;
	objects = {

/* Begin PBXBuildFile section */
		931810C12C2D585E004401EB /* NoticeDetailView.swift in Sources */ = {isa = PBXBuildFile; fileRef = 931810C02C2D585E004401EB /* NoticeDetailView.swift */; };
		931810D22C2E63DF004401EB /* RecommendView.swift in Sources */ = {isa = PBXBuildFile; fileRef = 931810D12C2E63DF004401EB /* RecommendView.swift */; };
		931810D42C2E6B73004401EB /* RecommendResultView.swift in Sources */ = {isa = PBXBuildFile; fileRef = 931810D32C2E6B73004401EB /* RecommendResultView.swift */; };
		931810D62C324AB2004401EB /* ProductVM.swift in Sources */ = {isa = PBXBuildFile; fileRef = 931810D52C324AB2004401EB /* ProductVM.swift */; };
		931810D92C326E0C004401EB /* FirebaseAuth in Frameworks */ = {isa = PBXBuildFile; productRef = 931810D82C326E0C004401EB /* FirebaseAuth */; };
		931810DC2C326E7A004401EB /* GoogleSignIn in Frameworks */ = {isa = PBXBuildFile; productRef = 931810DB2C326E7A004401EB /* GoogleSignIn */; };
		931810DE2C326E7A004401EB /* GoogleSignInSwift in Frameworks */ = {isa = PBXBuildFile; productRef = 931810DD2C326E7A004401EB /* GoogleSignInSwift */; };
		931810E02C326E8E004401EB /* SeoulListVM.swift in Sources */ = {isa = PBXBuildFile; fileRef = 931810DF2C326E8E004401EB /* SeoulListVM.swift */; };
		931810E22C326F63004401EB /* GoogleService-Info.plist in Resources */ = {isa = PBXBuildFile; fileRef = 931810E12C326F63004401EB /* GoogleService-Info.plist */; };
		931810E52C327826004401EB /* AuthenticationVM.swift in Sources */ = {isa = PBXBuildFile; fileRef = 931810E42C327826004401EB /* AuthenticationVM.swift */; };
		9318112E2C33B9E5004401EB /* UserModel.swift in Sources */ = {isa = PBXBuildFile; fileRef = 9318112D2C33B9E5004401EB /* UserModel.swift */; };
		931811322C33D33F004401EB /* EditPostView.swift in Sources */ = {isa = PBXBuildFile; fileRef = 931811312C33D33F004401EB /* EditPostView.swift */; };
		931811342C34DE50004401EB /* RegularExpressionVM.swift in Sources */ = {isa = PBXBuildFile; fileRef = 931811332C34DE50004401EB /* RegularExpressionVM.swift */; };
		931811362C34EA53004401EB /* RecommandVM.swift in Sources */ = {isa = PBXBuildFile; fileRef = 931811352C34EA53004401EB /* RecommandVM.swift */; };
		931811382C34F663004401EB /* PostVM.swift in Sources */ = {isa = PBXBuildFile; fileRef = 931811372C34F663004401EB /* PostVM.swift */; };
		9318113A2C35043A004401EB /* FirebaseStorage in Frameworks */ = {isa = PBXBuildFile; productRef = 931811392C35043A004401EB /* FirebaseStorage */; };
		9318113C2C351019004401EB /* PurchaseModel.swift in Sources */ = {isa = PBXBuildFile; fileRef = 9318113B2C351019004401EB /* PurchaseModel.swift */; };
		9318113E2C3510B8004401EB /* FirebaseFirestore in Frameworks */ = {isa = PBXBuildFile; productRef = 9318113D2C3510B8004401EB /* FirebaseFirestore */; };
		931EDF502C2CF8830097B7F8 /* PostModel.swift in Sources */ = {isa = PBXBuildFile; fileRef = 931EDF4F2C2CF8830097B7F8 /* PostModel.swift */; };
		9323B90C2C2A899900E751AD /* SEOULIApp.swift in Sources */ = {isa = PBXBuildFile; fileRef = 9323B90B2C2A899900E751AD /* SEOULIApp.swift */; };
		9323B90E2C2A899900E751AD /* ContentView.swift in Sources */ = {isa = PBXBuildFile; fileRef = 9323B90D2C2A899900E751AD /* ContentView.swift */; };
		9323B9102C2A899B00E751AD /* Assets.xcassets in Resources */ = {isa = PBXBuildFile; fileRef = 9323B90F2C2A899B00E751AD /* Assets.xcassets */; };
		9323B9132C2A899B00E751AD /* Preview Assets.xcassets in Resources */ = {isa = PBXBuildFile; fileRef = 9323B9122C2A899B00E751AD /* Preview Assets.xcassets */; };
		9323B9252C2A937800E751AD /* MainView.swift in Sources */ = {isa = PBXBuildFile; fileRef = 9323B9242C2A937800E751AD /* MainView.swift */; };
		9323B9292C2A93AA00E751AD /* SeoulListView.swift in Sources */ = {isa = PBXBuildFile; fileRef = 9323B9282C2A93AA00E751AD /* SeoulListView.swift */; };
		9323B92B2C2A93B800E751AD /* SeoulListDetailView.swift in Sources */ = {isa = PBXBuildFile; fileRef = 9323B92A2C2A93B800E751AD /* SeoulListDetailView.swift */; };
		9323B92D2C2A93F000E751AD /* ProductListView.swift in Sources */ = {isa = PBXBuildFile; fileRef = 9323B92C2C2A93F000E751AD /* ProductListView.swift */; };
		9323B92F2C2A93FE00E751AD /* ProductDetailView.swift in Sources */ = {isa = PBXBuildFile; fileRef = 9323B92E2C2A93FE00E751AD /* ProductDetailView.swift */; };
		9323B9332C2A942900E751AD /* JoinView.swift in Sources */ = {isa = PBXBuildFile; fileRef = 9323B9322C2A942900E751AD /* JoinView.swift */; };
		9323B9352C2A943200E751AD /* LoginView.swift in Sources */ = {isa = PBXBuildFile; fileRef = 9323B9342C2A943200E751AD /* LoginView.swift */; };
		9323B9372C2A944600E751AD /* FindInfoView.swift in Sources */ = {isa = PBXBuildFile; fileRef = 9323B9362C2A944600E751AD /* FindInfoView.swift */; };
		9323B9392C2A945500E751AD /* SplashView.swift in Sources */ = {isa = PBXBuildFile; fileRef = 9323B9382C2A945500E751AD /* SplashView.swift */; };
		9323B93B2C2A949500E751AD /* ChatbotView.swift in Sources */ = {isa = PBXBuildFile; fileRef = 9323B93A2C2A949500E751AD /* ChatbotView.swift */; };
		9323B93D2C2A94A500E751AD /* MyPostView.swift in Sources */ = {isa = PBXBuildFile; fileRef = 9323B93C2C2A94A500E751AD /* MyPostView.swift */; };
		9323B93F2C2A94AD00E751AD /* EditInfoView.swift in Sources */ = {isa = PBXBuildFile; fileRef = 9323B93E2C2A94AD00E751AD /* EditInfoView.swift */; };
		9323B9412C2A94BE00E751AD /* MyResoView.swift in Sources */ = {isa = PBXBuildFile; fileRef = 9323B9402C2A94BE00E751AD /* MyResoView.swift */; };
		9323B9432C2A94DA00E751AD /* NoticeView.swift in Sources */ = {isa = PBXBuildFile; fileRef = 9323B9422C2A94DA00E751AD /* NoticeView.swift */; };
		9323B9452C2A94E800E751AD /* AgreementView.swift in Sources */ = {isa = PBXBuildFile; fileRef = 9323B9442C2A94E800E751AD /* AgreementView.swift */; };
		9323B9472C2A950300E751AD /* PostListView.swift in Sources */ = {isa = PBXBuildFile; fileRef = 9323B9462C2A950300E751AD /* PostListView.swift */; };
		9323B9492C2A950F00E751AD /* PostDetailView.swift in Sources */ = {isa = PBXBuildFile; fileRef = 9323B9482C2A950F00E751AD /* PostDetailView.swift */; };
		9323B94B2C2A951A00E751AD /* PostWriteView.swift in Sources */ = {isa = PBXBuildFile; fileRef = 9323B94A2C2A951A00E751AD /* PostWriteView.swift */; };
		9323B9532C2A956400E751AD /* PurchaseVM.swift in Sources */ = {isa = PBXBuildFile; fileRef = 9323B9522C2A956400E751AD /* PurchaseVM.swift */; };
		9323B9552C2A962F00E751AD /* ProfileView.swift in Sources */ = {isa = PBXBuildFile; fileRef = 9323B9542C2A962F00E751AD /* ProfileView.swift */; };
		9323B9942C2BB05300E751AD /* SeoulListModel.swift in Sources */ = {isa = PBXBuildFile; fileRef = 9323B9932C2BB05300E751AD /* SeoulListModel.swift */; };
		9323B9962C2BDF6100E751AD /* ProductModel.swift in Sources */ = {isa = PBXBuildFile; fileRef = 9323B9952C2BDF6100E751AD /* ProductModel.swift */; };
		9397594E2C2D32AA00DC0700 /* TossPayments in Frameworks */ = {isa = PBXBuildFile; productRef = 9397594D2C2D32AA00DC0700 /* TossPayments */; };
		939759522C2D3CE200DC0700 /* ChangePwView.swift in Sources */ = {isa = PBXBuildFile; fileRef = 939759512C2D3CE200DC0700 /* ChangePwView.swift */; };
/* End PBXBuildFile section */

/* Begin PBXFileReference section */
		931810C02C2D585E004401EB /* NoticeDetailView.swift */ = {isa = PBXFileReference; lastKnownFileType = sourcecode.swift; path = NoticeDetailView.swift; sourceTree = "<group>"; };
		931810D12C2E63DF004401EB /* RecommendView.swift */ = {isa = PBXFileReference; lastKnownFileType = sourcecode.swift; path = RecommendView.swift; sourceTree = "<group>"; };
		931810D32C2E6B73004401EB /* RecommendResultView.swift */ = {isa = PBXFileReference; lastKnownFileType = sourcecode.swift; path = RecommendResultView.swift; sourceTree = "<group>"; };
		931810D52C324AB2004401EB /* ProductVM.swift */ = {isa = PBXFileReference; lastKnownFileType = sourcecode.swift; path = ProductVM.swift; sourceTree = "<group>"; };
		931810DF2C326E8E004401EB /* SeoulListVM.swift */ = {isa = PBXFileReference; lastKnownFileType = sourcecode.swift; path = SeoulListVM.swift; sourceTree = "<group>"; };
		931810E12C326F63004401EB /* GoogleService-Info.plist */ = {isa = PBXFileReference; fileEncoding = 4; lastKnownFileType = text.plist.xml; path = "GoogleService-Info.plist"; sourceTree = "<group>"; };
		931810E32C326F7F004401EB /* Info.plist */ = {isa = PBXFileReference; lastKnownFileType = text.plist; path = Info.plist; sourceTree = "<group>"; };
		931810E42C327826004401EB /* AuthenticationVM.swift */ = {isa = PBXFileReference; lastKnownFileType = sourcecode.swift; path = AuthenticationVM.swift; sourceTree = "<group>"; };
		9318112D2C33B9E5004401EB /* UserModel.swift */ = {isa = PBXFileReference; lastKnownFileType = sourcecode.swift; path = UserModel.swift; sourceTree = "<group>"; };
		931811312C33D33F004401EB /* EditPostView.swift */ = {isa = PBXFileReference; lastKnownFileType = sourcecode.swift; path = EditPostView.swift; sourceTree = "<group>"; };
		931811332C34DE50004401EB /* RegularExpressionVM.swift */ = {isa = PBXFileReference; lastKnownFileType = sourcecode.swift; path = RegularExpressionVM.swift; sourceTree = "<group>"; };
		931811352C34EA53004401EB /* RecommandVM.swift */ = {isa = PBXFileReference; lastKnownFileType = sourcecode.swift; path = RecommandVM.swift; sourceTree = "<group>"; };
		931811372C34F663004401EB /* PostVM.swift */ = {isa = PBXFileReference; lastKnownFileType = sourcecode.swift; path = PostVM.swift; sourceTree = "<group>"; };
		9318113B2C351019004401EB /* PurchaseModel.swift */ = {isa = PBXFileReference; lastKnownFileType = sourcecode.swift; path = PurchaseModel.swift; sourceTree = "<group>"; };
		931EDF4F2C2CF8830097B7F8 /* PostModel.swift */ = {isa = PBXFileReference; lastKnownFileType = sourcecode.swift; path = PostModel.swift; sourceTree = "<group>"; };
		9323B9082C2A899900E751AD /* SEOULI.app */ = {isa = PBXFileReference; explicitFileType = wrapper.application; includeInIndex = 0; path = SEOULI.app; sourceTree = BUILT_PRODUCTS_DIR; };
		9323B90B2C2A899900E751AD /* SEOULIApp.swift */ = {isa = PBXFileReference; lastKnownFileType = sourcecode.swift; path = SEOULIApp.swift; sourceTree = "<group>"; };
		9323B90D2C2A899900E751AD /* ContentView.swift */ = {isa = PBXFileReference; lastKnownFileType = sourcecode.swift; path = ContentView.swift; sourceTree = "<group>"; };
		9323B90F2C2A899B00E751AD /* Assets.xcassets */ = {isa = PBXFileReference; lastKnownFileType = folder.assetcatalog; path = Assets.xcassets; sourceTree = "<group>"; };
		9323B9122C2A899B00E751AD /* Preview Assets.xcassets */ = {isa = PBXFileReference; lastKnownFileType = folder.assetcatalog; path = "Preview Assets.xcassets"; sourceTree = "<group>"; };
		9323B9242C2A937800E751AD /* MainView.swift */ = {isa = PBXFileReference; lastKnownFileType = sourcecode.swift; path = MainView.swift; sourceTree = "<group>"; };
		9323B9282C2A93AA00E751AD /* SeoulListView.swift */ = {isa = PBXFileReference; lastKnownFileType = sourcecode.swift; path = SeoulListView.swift; sourceTree = "<group>"; };
		9323B92A2C2A93B800E751AD /* SeoulListDetailView.swift */ = {isa = PBXFileReference; lastKnownFileType = sourcecode.swift; path = SeoulListDetailView.swift; sourceTree = "<group>"; };
		9323B92C2C2A93F000E751AD /* ProductListView.swift */ = {isa = PBXFileReference; lastKnownFileType = sourcecode.swift; path = ProductListView.swift; sourceTree = "<group>"; };
		9323B92E2C2A93FE00E751AD /* ProductDetailView.swift */ = {isa = PBXFileReference; lastKnownFileType = sourcecode.swift; path = ProductDetailView.swift; sourceTree = "<group>"; };
		9323B9322C2A942900E751AD /* JoinView.swift */ = {isa = PBXFileReference; lastKnownFileType = sourcecode.swift; path = JoinView.swift; sourceTree = "<group>"; };
		9323B9342C2A943200E751AD /* LoginView.swift */ = {isa = PBXFileReference; lastKnownFileType = sourcecode.swift; path = LoginView.swift; sourceTree = "<group>"; };
		9323B9362C2A944600E751AD /* FindInfoView.swift */ = {isa = PBXFileReference; lastKnownFileType = sourcecode.swift; path = FindInfoView.swift; sourceTree = "<group>"; };
		9323B9382C2A945500E751AD /* SplashView.swift */ = {isa = PBXFileReference; lastKnownFileType = sourcecode.swift; path = SplashView.swift; sourceTree = "<group>"; };
		9323B93A2C2A949500E751AD /* ChatbotView.swift */ = {isa = PBXFileReference; lastKnownFileType = sourcecode.swift; path = ChatbotView.swift; sourceTree = "<group>"; };
		9323B93C2C2A94A500E751AD /* MyPostView.swift */ = {isa = PBXFileReference; lastKnownFileType = sourcecode.swift; path = MyPostView.swift; sourceTree = "<group>"; };
		9323B93E2C2A94AD00E751AD /* EditInfoView.swift */ = {isa = PBXFileReference; lastKnownFileType = sourcecode.swift; path = EditInfoView.swift; sourceTree = "<group>"; };
		9323B9402C2A94BE00E751AD /* MyResoView.swift */ = {isa = PBXFileReference; lastKnownFileType = sourcecode.swift; path = MyResoView.swift; sourceTree = "<group>"; };
		9323B9422C2A94DA00E751AD /* NoticeView.swift */ = {isa = PBXFileReference; lastKnownFileType = sourcecode.swift; path = NoticeView.swift; sourceTree = "<group>"; };
		9323B9442C2A94E800E751AD /* AgreementView.swift */ = {isa = PBXFileReference; lastKnownFileType = sourcecode.swift; path = AgreementView.swift; sourceTree = "<group>"; };
		9323B9462C2A950300E751AD /* PostListView.swift */ = {isa = PBXFileReference; lastKnownFileType = sourcecode.swift; path = PostListView.swift; sourceTree = "<group>"; };
		9323B9482C2A950F00E751AD /* PostDetailView.swift */ = {isa = PBXFileReference; lastKnownFileType = sourcecode.swift; path = PostDetailView.swift; sourceTree = "<group>"; };
		9323B94A2C2A951A00E751AD /* PostWriteView.swift */ = {isa = PBXFileReference; lastKnownFileType = sourcecode.swift; path = PostWriteView.swift; sourceTree = "<group>"; };
		9323B9522C2A956400E751AD /* PurchaseVM.swift */ = {isa = PBXFileReference; lastKnownFileType = sourcecode.swift; path = PurchaseVM.swift; sourceTree = "<group>"; };
		9323B9542C2A962F00E751AD /* ProfileView.swift */ = {isa = PBXFileReference; lastKnownFileType = sourcecode.swift; path = ProfileView.swift; sourceTree = "<group>"; };
		9323B9932C2BB05300E751AD /* SeoulListModel.swift */ = {isa = PBXFileReference; lastKnownFileType = sourcecode.swift; path = SeoulListModel.swift; sourceTree = "<group>"; };
		9323B9952C2BDF6100E751AD /* ProductModel.swift */ = {isa = PBXFileReference; lastKnownFileType = sourcecode.swift; path = ProductModel.swift; sourceTree = "<group>"; };
		939759512C2D3CE200DC0700 /* ChangePwView.swift */ = {isa = PBXFileReference; lastKnownFileType = sourcecode.swift; path = ChangePwView.swift; sourceTree = "<group>"; };
/* End PBXFileReference section */

/* Begin PBXFrameworksBuildPhase section */
		9323B9052C2A899900E751AD /* Frameworks */ = {
			isa = PBXFrameworksBuildPhase;
			buildActionMask = 2147483647;
			files = (
				9397594E2C2D32AA00DC0700 /* TossPayments in Frameworks */,
				931810D92C326E0C004401EB /* FirebaseAuth in Frameworks */,
				931810DC2C326E7A004401EB /* GoogleSignIn in Frameworks */,
				9318113A2C35043A004401EB /* FirebaseStorage in Frameworks */,
				931810DE2C326E7A004401EB /* GoogleSignInSwift in Frameworks */,
				9318113E2C3510B8004401EB /* FirebaseFirestore in Frameworks */,
			);
			runOnlyForDeploymentPostprocessing = 0;
		};
/* End PBXFrameworksBuildPhase section */

/* Begin PBXGroup section */
		931810D02C2E63B8004401EB /* RecommendPage */ = {
			isa = PBXGroup;
			children = (
				931810D12C2E63DF004401EB /* RecommendView.swift */,
				931810D32C2E6B73004401EB /* RecommendResultView.swift */,
			);
			path = RecommendPage;
			sourceTree = "<group>";
		};
		9323B8FF2C2A899900E751AD = {
			isa = PBXGroup;
			children = (
				9323B90A2C2A899900E751AD /* SEOULI */,
				9323B9092C2A899900E751AD /* Products */,
			);
			sourceTree = "<group>";
		};
		9323B9092C2A899900E751AD /* Products */ = {
			isa = PBXGroup;
			children = (
				9323B9082C2A899900E751AD /* SEOULI.app */,
			);
			name = Products;
			sourceTree = "<group>";
		};
		9323B90A2C2A899900E751AD /* SEOULI */ = {
			isa = PBXGroup;
			children = (
				931810E32C326F7F004401EB /* Info.plist */,
				931810E12C326F63004401EB /* GoogleService-Info.plist */,
				9323B94D2C2A952C00E751AD /* Model */,
				9323B94C2C2A952700E751AD /* VM */,
				9323B9192C2A922300E751AD /* View */,
				9323B90B2C2A899900E751AD /* SEOULIApp.swift */,
				9323B90D2C2A899900E751AD /* ContentView.swift */,
				9323B90F2C2A899B00E751AD /* Assets.xcassets */,
				9323B9112C2A899B00E751AD /* Preview Content */,
			);
			path = SEOULI;
			sourceTree = "<group>";
		};
		9323B9112C2A899B00E751AD /* Preview Content */ = {
			isa = PBXGroup;
			children = (
				9323B9122C2A899B00E751AD /* Preview Assets.xcassets */,
			);
			path = "Preview Content";
			sourceTree = "<group>";
		};
		9323B9192C2A922300E751AD /* View */ = {
			isa = PBXGroup;
			children = (
				931810D02C2E63B8004401EB /* RecommendPage */,
				9323B9202C2A927600E751AD /* SplashPage */,
				9323B91F2C2A926D00E751AD /* JoinPage */,
				9323B91E2C2A926100E751AD /* ChatbotPage */,
				9323B91D2C2A925A00E751AD /* ProfilePage */,
				9323B91C2C2A925200E751AD /* CommunityPage */,
				9323B91B2C2A924700E751AD /* PackagePage */,
				9323B91A2C2A922E00E751AD /* MainPage */,
			);
			path = View;
			sourceTree = "<group>";
		};
		9323B91A2C2A922E00E751AD /* MainPage */ = {
			isa = PBXGroup;
			children = (
				9323B9212C2A928300E751AD /* SeoulListPage */,
				9323B9242C2A937800E751AD /* MainView.swift */,
			);
			path = MainPage;
			sourceTree = "<group>";
		};
		9323B91B2C2A924700E751AD /* PackagePage */ = {
			isa = PBXGroup;
			children = (
				9323B92C2C2A93F000E751AD /* ProductListView.swift */,
				9323B92E2C2A93FE00E751AD /* ProductDetailView.swift */,
			);
			path = PackagePage;
			sourceTree = "<group>";
		};
		9323B91C2C2A925200E751AD /* CommunityPage */ = {
			isa = PBXGroup;
			children = (
				9323B9462C2A950300E751AD /* PostListView.swift */,
				9323B9482C2A950F00E751AD /* PostDetailView.swift */,
				9323B94A2C2A951A00E751AD /* PostWriteView.swift */,
				931811312C33D33F004401EB /* EditPostView.swift */,
			);
			path = CommunityPage;
			sourceTree = "<group>";
		};
		9323B91D2C2A925A00E751AD /* ProfilePage */ = {
			isa = PBXGroup;
			children = (
				9323B93C2C2A94A500E751AD /* MyPostView.swift */,
				9323B93E2C2A94AD00E751AD /* EditInfoView.swift */,
				9323B9402C2A94BE00E751AD /* MyResoView.swift */,
				9323B9422C2A94DA00E751AD /* NoticeView.swift */,
				9323B9442C2A94E800E751AD /* AgreementView.swift */,
				9323B9542C2A962F00E751AD /* ProfileView.swift */,
				931810C02C2D585E004401EB /* NoticeDetailView.swift */,
			);
			path = ProfilePage;
			sourceTree = "<group>";
		};
		9323B91E2C2A926100E751AD /* ChatbotPage */ = {
			isa = PBXGroup;
			children = (
				9323B93A2C2A949500E751AD /* ChatbotView.swift */,
			);
			path = ChatbotPage;
			sourceTree = "<group>";
		};
		9323B91F2C2A926D00E751AD /* JoinPage */ = {
			isa = PBXGroup;
			children = (
				9323B9322C2A942900E751AD /* JoinView.swift */,
				9323B9342C2A943200E751AD /* LoginView.swift */,
				9323B9362C2A944600E751AD /* FindInfoView.swift */,
				939759512C2D3CE200DC0700 /* ChangePwView.swift */,
			);
			path = JoinPage;
			sourceTree = "<group>";
		};
		9323B9202C2A927600E751AD /* SplashPage */ = {
			isa = PBXGroup;
			children = (
				9323B9382C2A945500E751AD /* SplashView.swift */,
			);
			path = SplashPage;
			sourceTree = "<group>";
		};
		9323B9212C2A928300E751AD /* SeoulListPage */ = {
			isa = PBXGroup;
			children = (
				9323B9282C2A93AA00E751AD /* SeoulListView.swift */,
				9323B92A2C2A93B800E751AD /* SeoulListDetailView.swift */,
			);
			path = SeoulListPage;
			sourceTree = "<group>";
		};
		9323B94C2C2A952700E751AD /* VM */ = {
			isa = PBXGroup;
			children = (
				9323B9522C2A956400E751AD /* PurchaseVM.swift */,
				931810D52C324AB2004401EB /* ProductVM.swift */,
				931810DF2C326E8E004401EB /* SeoulListVM.swift */,
				931810E42C327826004401EB /* AuthenticationVM.swift */,
				931811332C34DE50004401EB /* RegularExpressionVM.swift */,
				931811352C34EA53004401EB /* RecommandVM.swift */,
				931811372C34F663004401EB /* PostVM.swift */,
			);
			path = VM;
			sourceTree = "<group>";
		};
		9323B94D2C2A952C00E751AD /* Model */ = {
			isa = PBXGroup;
			children = (
				9323B9932C2BB05300E751AD /* SeoulListModel.swift */,
				9323B9952C2BDF6100E751AD /* ProductModel.swift */,
				931EDF4F2C2CF8830097B7F8 /* PostModel.swift */,
				9318112D2C33B9E5004401EB /* UserModel.swift */,
				9318113B2C351019004401EB /* PurchaseModel.swift */,
			);
			path = Model;
			sourceTree = "<group>";
		};
/* End PBXGroup section */

/* Begin PBXNativeTarget section */
		9323B9072C2A899900E751AD /* SEOULI */ = {
			isa = PBXNativeTarget;
			buildConfigurationList = 9323B9162C2A899B00E751AD /* Build configuration list for PBXNativeTarget "SEOULI" */;
			buildPhases = (
				9323B9042C2A899900E751AD /* Sources */,
				9323B9052C2A899900E751AD /* Frameworks */,
				9323B9062C2A899900E751AD /* Resources */,
			);
			buildRules = (
			);
			dependencies = (
			);
			name = SEOULI;
			packageProductDependencies = (
				9397594D2C2D32AA00DC0700 /* TossPayments */,
				931810D82C326E0C004401EB /* FirebaseAuth */,
				931810DB2C326E7A004401EB /* GoogleSignIn */,
				931810DD2C326E7A004401EB /* GoogleSignInSwift */,
				931811392C35043A004401EB /* FirebaseStorage */,
				9318113D2C3510B8004401EB /* FirebaseFirestore */,
			);
			productName = SEOULI;
			productReference = 9323B9082C2A899900E751AD /* SEOULI.app */;
			productType = "com.apple.product-type.application";
		};
/* End PBXNativeTarget section */

/* Begin PBXProject section */
		9323B9002C2A899900E751AD /* Project object */ = {
			isa = PBXProject;
			attributes = {
				BuildIndependentTargetsInParallel = 1;
				LastSwiftUpdateCheck = 1540;
				LastUpgradeCheck = 1540;
				TargetAttributes = {
					9323B9072C2A899900E751AD = {
						CreatedOnToolsVersion = 15.4;
					};
				};
			};
			buildConfigurationList = 9323B9032C2A899900E751AD /* Build configuration list for PBXProject "SEOULI" */;
			compatibilityVersion = "Xcode 14.0";
			developmentRegion = en;
			hasScannedForEncodings = 0;
			knownRegions = (
				en,
				Base,
			);
			mainGroup = 9323B8FF2C2A899900E751AD;
			packageReferences = (
				9397594C2C2D32AA00DC0700 /* XCRemoteSwiftPackageReference "payment-sdk-ios" */,
				931810D72C326E0C004401EB /* XCRemoteSwiftPackageReference "firebase-ios-sdk" */,
				931810DA2C326E7A004401EB /* XCRemoteSwiftPackageReference "GoogleSignIn-iOS" */,
			);
			productRefGroup = 9323B9092C2A899900E751AD /* Products */;
			projectDirPath = "";
			projectRoot = "";
			targets = (
				9323B9072C2A899900E751AD /* SEOULI */,
			);
		};
/* End PBXProject section */

/* Begin PBXResourcesBuildPhase section */
		9323B9062C2A899900E751AD /* Resources */ = {
			isa = PBXResourcesBuildPhase;
			buildActionMask = 2147483647;
			files = (
				9323B9132C2A899B00E751AD /* Preview Assets.xcassets in Resources */,
				9323B9102C2A899B00E751AD /* Assets.xcassets in Resources */,
				931810E22C326F63004401EB /* GoogleService-Info.plist in Resources */,
			);
			runOnlyForDeploymentPostprocessing = 0;
		};
/* End PBXResourcesBuildPhase section */

/* Begin PBXSourcesBuildPhase section */
		9323B9042C2A899900E751AD /* Sources */ = {
			isa = PBXSourcesBuildPhase;
			buildActionMask = 2147483647;
			files = (
				9323B9942C2BB05300E751AD /* SeoulListModel.swift in Sources */,
				9323B92B2C2A93B800E751AD /* SeoulListDetailView.swift in Sources */,
				931810D22C2E63DF004401EB /* RecommendView.swift in Sources */,
				9323B9372C2A944600E751AD /* FindInfoView.swift in Sources */,
				931810C12C2D585E004401EB /* NoticeDetailView.swift in Sources */,
				9323B9532C2A956400E751AD /* PurchaseVM.swift in Sources */,
				9323B92F2C2A93FE00E751AD /* ProductDetailView.swift in Sources */,
				9323B9292C2A93AA00E751AD /* SeoulListView.swift in Sources */,
				9318112E2C33B9E5004401EB /* UserModel.swift in Sources */,
				9323B92D2C2A93F000E751AD /* ProductListView.swift in Sources */,
				931810E52C327826004401EB /* AuthenticationVM.swift in Sources */,
				931811362C34EA53004401EB /* RecommandVM.swift in Sources */,
				931811322C33D33F004401EB /* EditPostView.swift in Sources */,
				931810D42C2E6B73004401EB /* RecommendResultView.swift in Sources */,
				9323B9552C2A962F00E751AD /* ProfileView.swift in Sources */,
				931810D62C324AB2004401EB /* ProductVM.swift in Sources */,
				9323B90E2C2A899900E751AD /* ContentView.swift in Sources */,
				9323B9252C2A937800E751AD /* MainView.swift in Sources */,
				931EDF502C2CF8830097B7F8 /* PostModel.swift in Sources */,
				939759522C2D3CE200DC0700 /* ChangePwView.swift in Sources */,
				9323B90C2C2A899900E751AD /* SEOULIApp.swift in Sources */,
				9323B9392C2A945500E751AD /* SplashView.swift in Sources */,
				931810E02C326E8E004401EB /* SeoulListVM.swift in Sources */,
				931811382C34F663004401EB /* PostVM.swift in Sources */,
				9323B93F2C2A94AD00E751AD /* EditInfoView.swift in Sources */,
				9323B9352C2A943200E751AD /* LoginView.swift in Sources */,
				931811342C34DE50004401EB /* RegularExpressionVM.swift in Sources */,
				9323B9432C2A94DA00E751AD /* NoticeView.swift in Sources */,
				9318113C2C351019004401EB /* PurchaseModel.swift in Sources */,
				9323B9332C2A942900E751AD /* JoinView.swift in Sources */,
				9323B9962C2BDF6100E751AD /* ProductModel.swift in Sources */,
				9323B9472C2A950300E751AD /* PostListView.swift in Sources */,
				9323B93B2C2A949500E751AD /* ChatbotView.swift in Sources */,
				9323B93D2C2A94A500E751AD /* MyPostView.swift in Sources */,
				9323B9412C2A94BE00E751AD /* MyResoView.swift in Sources */,
				9323B9492C2A950F00E751AD /* PostDetailView.swift in Sources */,
				9323B94B2C2A951A00E751AD /* PostWriteView.swift in Sources */,
				9323B9452C2A94E800E751AD /* AgreementView.swift in Sources */,
			);
			runOnlyForDeploymentPostprocessing = 0;
		};
/* End PBXSourcesBuildPhase section */

/* Begin XCBuildConfiguration section */
		9323B9142C2A899B00E751AD /* Debug */ = {
			isa = XCBuildConfiguration;
			buildSettings = {
				ALWAYS_SEARCH_USER_PATHS = NO;
				ASSETCATALOG_COMPILER_GENERATE_SWIFT_ASSET_SYMBOL_EXTENSIONS = YES;
				CLANG_ANALYZER_NONNULL = YES;
				CLANG_ANALYZER_NUMBER_OBJECT_CONVERSION = YES_AGGRESSIVE;
				CLANG_CXX_LANGUAGE_STANDARD = "gnu++20";
				CLANG_ENABLE_MODULES = YES;
				CLANG_ENABLE_OBJC_ARC = YES;
				CLANG_ENABLE_OBJC_WEAK = YES;
				CLANG_WARN_BLOCK_CAPTURE_AUTORELEASING = YES;
				CLANG_WARN_BOOL_CONVERSION = YES;
				CLANG_WARN_COMMA = YES;
				CLANG_WARN_CONSTANT_CONVERSION = YES;
				CLANG_WARN_DEPRECATED_OBJC_IMPLEMENTATIONS = YES;
				CLANG_WARN_DIRECT_OBJC_ISA_USAGE = YES_ERROR;
				CLANG_WARN_DOCUMENTATION_COMMENTS = YES;
				CLANG_WARN_EMPTY_BODY = YES;
				CLANG_WARN_ENUM_CONVERSION = YES;
				CLANG_WARN_INFINITE_RECURSION = YES;
				CLANG_WARN_INT_CONVERSION = YES;
				CLANG_WARN_NON_LITERAL_NULL_CONVERSION = YES;
				CLANG_WARN_OBJC_IMPLICIT_RETAIN_SELF = YES;
				CLANG_WARN_OBJC_LITERAL_CONVERSION = YES;
				CLANG_WARN_OBJC_ROOT_CLASS = YES_ERROR;
				CLANG_WARN_QUOTED_INCLUDE_IN_FRAMEWORK_HEADER = YES;
				CLANG_WARN_RANGE_LOOP_ANALYSIS = YES;
				CLANG_WARN_STRICT_PROTOTYPES = YES;
				CLANG_WARN_SUSPICIOUS_MOVE = YES;
				CLANG_WARN_UNGUARDED_AVAILABILITY = YES_AGGRESSIVE;
				CLANG_WARN_UNREACHABLE_CODE = YES;
				CLANG_WARN__DUPLICATE_METHOD_MATCH = YES;
				COPY_PHASE_STRIP = NO;
				DEBUG_INFORMATION_FORMAT = dwarf;
				ENABLE_STRICT_OBJC_MSGSEND = YES;
				ENABLE_TESTABILITY = YES;
				ENABLE_USER_SCRIPT_SANDBOXING = YES;
				GCC_C_LANGUAGE_STANDARD = gnu17;
				GCC_DYNAMIC_NO_PIC = NO;
				GCC_NO_COMMON_BLOCKS = YES;
				GCC_OPTIMIZATION_LEVEL = 0;
				GCC_PREPROCESSOR_DEFINITIONS = (
					"DEBUG=1",
					"$(inherited)",
				);
				GCC_WARN_64_TO_32_BIT_CONVERSION = YES;
				GCC_WARN_ABOUT_RETURN_TYPE = YES_ERROR;
				GCC_WARN_UNDECLARED_SELECTOR = YES;
				GCC_WARN_UNINITIALIZED_AUTOS = YES_AGGRESSIVE;
				GCC_WARN_UNUSED_FUNCTION = YES;
				GCC_WARN_UNUSED_VARIABLE = YES;
				IPHONEOS_DEPLOYMENT_TARGET = 17.5;
				LOCALIZATION_PREFERS_STRING_CATALOGS = YES;
				MTL_ENABLE_DEBUG_INFO = INCLUDE_SOURCE;
				MTL_FAST_MATH = YES;
				ONLY_ACTIVE_ARCH = YES;
				SDKROOT = iphoneos;
				SWIFT_ACTIVE_COMPILATION_CONDITIONS = "DEBUG $(inherited)";
				SWIFT_OPTIMIZATION_LEVEL = "-Onone";
			};
			name = Debug;
		};
		9323B9152C2A899B00E751AD /* Release */ = {
			isa = XCBuildConfiguration;
			buildSettings = {
				ALWAYS_SEARCH_USER_PATHS = NO;
				ASSETCATALOG_COMPILER_GENERATE_SWIFT_ASSET_SYMBOL_EXTENSIONS = YES;
				CLANG_ANALYZER_NONNULL = YES;
				CLANG_ANALYZER_NUMBER_OBJECT_CONVERSION = YES_AGGRESSIVE;
				CLANG_CXX_LANGUAGE_STANDARD = "gnu++20";
				CLANG_ENABLE_MODULES = YES;
				CLANG_ENABLE_OBJC_ARC = YES;
				CLANG_ENABLE_OBJC_WEAK = YES;
				CLANG_WARN_BLOCK_CAPTURE_AUTORELEASING = YES;
				CLANG_WARN_BOOL_CONVERSION = YES;
				CLANG_WARN_COMMA = YES;
				CLANG_WARN_CONSTANT_CONVERSION = YES;
				CLANG_WARN_DEPRECATED_OBJC_IMPLEMENTATIONS = YES;
				CLANG_WARN_DIRECT_OBJC_ISA_USAGE = YES_ERROR;
				CLANG_WARN_DOCUMENTATION_COMMENTS = YES;
				CLANG_WARN_EMPTY_BODY = YES;
				CLANG_WARN_ENUM_CONVERSION = YES;
				CLANG_WARN_INFINITE_RECURSION = YES;
				CLANG_WARN_INT_CONVERSION = YES;
				CLANG_WARN_NON_LITERAL_NULL_CONVERSION = YES;
				CLANG_WARN_OBJC_IMPLICIT_RETAIN_SELF = YES;
				CLANG_WARN_OBJC_LITERAL_CONVERSION = YES;
				CLANG_WARN_OBJC_ROOT_CLASS = YES_ERROR;
				CLANG_WARN_QUOTED_INCLUDE_IN_FRAMEWORK_HEADER = YES;
				CLANG_WARN_RANGE_LOOP_ANALYSIS = YES;
				CLANG_WARN_STRICT_PROTOTYPES = YES;
				CLANG_WARN_SUSPICIOUS_MOVE = YES;
				CLANG_WARN_UNGUARDED_AVAILABILITY = YES_AGGRESSIVE;
				CLANG_WARN_UNREACHABLE_CODE = YES;
				CLANG_WARN__DUPLICATE_METHOD_MATCH = YES;
				COPY_PHASE_STRIP = NO;
				DEBUG_INFORMATION_FORMAT = "dwarf-with-dsym";
				ENABLE_NS_ASSERTIONS = NO;
				ENABLE_STRICT_OBJC_MSGSEND = YES;
				ENABLE_USER_SCRIPT_SANDBOXING = YES;
				GCC_C_LANGUAGE_STANDARD = gnu17;
				GCC_NO_COMMON_BLOCKS = YES;
				GCC_WARN_64_TO_32_BIT_CONVERSION = YES;
				GCC_WARN_ABOUT_RETURN_TYPE = YES_ERROR;
				GCC_WARN_UNDECLARED_SELECTOR = YES;
				GCC_WARN_UNINITIALIZED_AUTOS = YES_AGGRESSIVE;
				GCC_WARN_UNUSED_FUNCTION = YES;
				GCC_WARN_UNUSED_VARIABLE = YES;
				IPHONEOS_DEPLOYMENT_TARGET = 17.5;
				LOCALIZATION_PREFERS_STRING_CATALOGS = YES;
				MTL_ENABLE_DEBUG_INFO = NO;
				MTL_FAST_MATH = YES;
				SDKROOT = iphoneos;
				SWIFT_COMPILATION_MODE = wholemodule;
				VALIDATE_PRODUCT = YES;
			};
			name = Release;
		};
		9323B9172C2A899B00E751AD /* Debug */ = {
			isa = XCBuildConfiguration;
			buildSettings = {
				ASSETCATALOG_COMPILER_APPICON_NAME = AppIcon;
				ASSETCATALOG_COMPILER_GLOBAL_ACCENT_COLOR_NAME = AccentColor;
				CODE_SIGN_STYLE = Automatic;
				CURRENT_PROJECT_VERSION = 1;
				DEVELOPMENT_ASSET_PATHS = "\"SEOULI/Preview Content\"";
				ENABLE_PREVIEWS = YES;
				GENERATE_INFOPLIST_FILE = YES;
				INFOPLIST_FILE = SEOULI/Info.plist;
				INFOPLIST_KEY_UIApplicationSceneManifest_Generation = YES;
				INFOPLIST_KEY_UIApplicationSupportsIndirectInputEvents = YES;
				INFOPLIST_KEY_UILaunchScreen_Generation = YES;
				INFOPLIST_KEY_UISupportedInterfaceOrientations_iPad = "UIInterfaceOrientationPortrait UIInterfaceOrientationPortraitUpsideDown UIInterfaceOrientationLandscapeLeft UIInterfaceOrientationLandscapeRight";
				INFOPLIST_KEY_UISupportedInterfaceOrientations_iPhone = "UIInterfaceOrientationPortrait UIInterfaceOrientationLandscapeLeft UIInterfaceOrientationLandscapeRight";
				LD_RUNPATH_SEARCH_PATHS = (
					"$(inherited)",
					"@executable_path/Frameworks",
				);
				MARKETING_VERSION = 1.0;
				PRODUCT_BUNDLE_IDENTIFIER = com.swiftlec.SEOULI;
				PRODUCT_NAME = "$(TARGET_NAME)";
				SUPPORTED_PLATFORMS = "iphoneos iphonesimulator";
				SUPPORTS_MACCATALYST = NO;
				SUPPORTS_MAC_DESIGNED_FOR_IPHONE_IPAD = NO;
				SUPPORTS_XR_DESIGNED_FOR_IPHONE_IPAD = NO;
				SWIFT_EMIT_LOC_STRINGS = YES;
				SWIFT_VERSION = 5.0;
				TARGETED_DEVICE_FAMILY = 1;
			};
			name = Debug;
		};
		9323B9182C2A899B00E751AD /* Release */ = {
			isa = XCBuildConfiguration;
			buildSettings = {
				ASSETCATALOG_COMPILER_APPICON_NAME = AppIcon;
				ASSETCATALOG_COMPILER_GLOBAL_ACCENT_COLOR_NAME = AccentColor;
				CODE_SIGN_STYLE = Automatic;
				CURRENT_PROJECT_VERSION = 1;
				DEVELOPMENT_ASSET_PATHS = "\"SEOULI/Preview Content\"";
				ENABLE_PREVIEWS = YES;
				GENERATE_INFOPLIST_FILE = YES;
				INFOPLIST_FILE = SEOULI/Info.plist;
				INFOPLIST_KEY_UIApplicationSceneManifest_Generation = YES;
				INFOPLIST_KEY_UIApplicationSupportsIndirectInputEvents = YES;
				INFOPLIST_KEY_UILaunchScreen_Generation = YES;
				INFOPLIST_KEY_UISupportedInterfaceOrientations_iPad = "UIInterfaceOrientationPortrait UIInterfaceOrientationPortraitUpsideDown UIInterfaceOrientationLandscapeLeft UIInterfaceOrientationLandscapeRight";
				INFOPLIST_KEY_UISupportedInterfaceOrientations_iPhone = "UIInterfaceOrientationPortrait UIInterfaceOrientationLandscapeLeft UIInterfaceOrientationLandscapeRight";
				LD_RUNPATH_SEARCH_PATHS = (
					"$(inherited)",
					"@executable_path/Frameworks",
				);
				MARKETING_VERSION = 1.0;
				PRODUCT_BUNDLE_IDENTIFIER = com.swiftlec.SEOULI;
				PRODUCT_NAME = "$(TARGET_NAME)";
				SUPPORTED_PLATFORMS = "iphoneos iphonesimulator";
				SUPPORTS_MACCATALYST = NO;
				SUPPORTS_MAC_DESIGNED_FOR_IPHONE_IPAD = NO;
				SUPPORTS_XR_DESIGNED_FOR_IPHONE_IPAD = NO;
				SWIFT_EMIT_LOC_STRINGS = YES;
				SWIFT_VERSION = 5.0;
				TARGETED_DEVICE_FAMILY = 1;
			};
			name = Release;
		};
/* End XCBuildConfiguration section */

/* Begin XCConfigurationList section */
		9323B9032C2A899900E751AD /* Build configuration list for PBXProject "SEOULI" */ = {
			isa = XCConfigurationList;
			buildConfigurations = (
				9323B9142C2A899B00E751AD /* Debug */,
				9323B9152C2A899B00E751AD /* Release */,
			);
			defaultConfigurationIsVisible = 0;
			defaultConfigurationName = Release;
		};
		9323B9162C2A899B00E751AD /* Build configuration list for PBXNativeTarget "SEOULI" */ = {
			isa = XCConfigurationList;
			buildConfigurations = (
				9323B9172C2A899B00E751AD /* Debug */,
				9323B9182C2A899B00E751AD /* Release */,
			);
			defaultConfigurationIsVisible = 0;
			defaultConfigurationName = Release;
		};
/* End XCConfigurationList section */

/* Begin XCRemoteSwiftPackageReference section */
		931810D72C326E0C004401EB /* XCRemoteSwiftPackageReference "firebase-ios-sdk" */ = {
			isa = XCRemoteSwiftPackageReference;
			repositoryURL = "https://github.com/firebase/firebase-ios-sdk";
			requirement = {
				kind = upToNextMajorVersion;
				minimumVersion = 10.28.1;
			};
		};
		931810DA2C326E7A004401EB /* XCRemoteSwiftPackageReference "GoogleSignIn-iOS" */ = {
			isa = XCRemoteSwiftPackageReference;
			repositoryURL = "https://github.com/google/GoogleSignIn-iOS";
			requirement = {
				kind = upToNextMajorVersion;
				minimumVersion = 7.1.0;
			};
		};
		9397594C2C2D32AA00DC0700 /* XCRemoteSwiftPackageReference "payment-sdk-ios" */ = {
			isa = XCRemoteSwiftPackageReference;
			repositoryURL = "https://github.com/tosspayments/payment-sdk-ios.git";
			requirement = {
				branch = main;
				kind = branch;
			};
		};
/* End XCRemoteSwiftPackageReference section */

/* Begin XCSwiftPackageProductDependency section */
		931810D82C326E0C004401EB /* FirebaseAuth */ = {
			isa = XCSwiftPackageProductDependency;
			package = 931810D72C326E0C004401EB /* XCRemoteSwiftPackageReference "firebase-ios-sdk" */;
			productName = FirebaseAuth;
		};
		931810DB2C326E7A004401EB /* GoogleSignIn */ = {
			isa = XCSwiftPackageProductDependency;
			package = 931810DA2C326E7A004401EB /* XCRemoteSwiftPackageReference "GoogleSignIn-iOS" */;
			productName = GoogleSignIn;
		};
		931810DD2C326E7A004401EB /* GoogleSignInSwift */ = {
			isa = XCSwiftPackageProductDependency;
			package = 931810DA2C326E7A004401EB /* XCRemoteSwiftPackageReference "GoogleSignIn-iOS" */;
			productName = GoogleSignInSwift;
		};
		931811392C35043A004401EB /* FirebaseStorage */ = {
			isa = XCSwiftPackageProductDependency;
			package = 931810D72C326E0C004401EB /* XCRemoteSwiftPackageReference "firebase-ios-sdk" */;
			productName = FirebaseStorage;
		};
		9318113D2C3510B8004401EB /* FirebaseFirestore */ = {
			isa = XCSwiftPackageProductDependency;
			package = 931810D72C326E0C004401EB /* XCRemoteSwiftPackageReference "firebase-ios-sdk" */;
			productName = FirebaseFirestore;
		};
		9397594D2C2D32AA00DC0700 /* TossPayments */ = {
			isa = XCSwiftPackageProductDependency;
			package = 9397594C2C2D32AA00DC0700 /* XCRemoteSwiftPackageReference "payment-sdk-ios" */;
			productName = TossPayments;
		};
/* End XCSwiftPackageProductDependency section */
	};
	rootObject = 9323B9002C2A899900E751AD /* Project object */;
}
